// !$*UTF8*$!
{
	archiveVersion = 1;
	classes = {
	};
	objectVersion = 46;
	objects = {

/* Begin PBXBuildFile section */
		A8120CEA1E5756FF00414D87 /* AppDelegate.swift in Sources */ = {isa = PBXBuildFile; fileRef = A8120CE91E5756FF00414D87 /* AppDelegate.swift */; };
		A8120CEF1E5756FF00414D87 /* Main.storyboard in Resources */ = {isa = PBXBuildFile; fileRef = A8120CED1E5756FF00414D87 /* Main.storyboard */; };
		A8120CF11E5756FF00414D87 /* Assets.xcassets in Resources */ = {isa = PBXBuildFile; fileRef = A8120CF01E5756FF00414D87 /* Assets.xcassets */; };
		A8120CF41E5756FF00414D87 /* LaunchScreen.storyboard in Resources */ = {isa = PBXBuildFile; fileRef = A8120CF21E5756FF00414D87 /* LaunchScreen.storyboard */; };
		A8120CFE1E57575B00414D87 /* Moive.swift in Sources */ = {isa = PBXBuildFile; fileRef = A8120CFD1E57575B00414D87 /* Moive.swift */; };
		A8120D001E57576500414D87 /* MovieController.swift in Sources */ = {isa = PBXBuildFile; fileRef = A8120CFF1E57576500414D87 /* MovieController.swift */; };
		A8120D021E57577100414D87 /* NetworkController.swift in Sources */ = {isa = PBXBuildFile; fileRef = A8120D011E57577100414D87 /* NetworkController.swift */; };
		A8120D081E575F7B00414D87 /* MovieListTableViewController.swift in Sources */ = {isa = PBXBuildFile; fileRef = A8120D071E575F7B00414D87 /* MovieListTableViewController.swift */; };
		A8120D0A1E57616600414D87 /* MoiveTableViewCell.swift in Sources */ = {isa = PBXBuildFile; fileRef = A8120D091E57616600414D87 /* MoiveTableViewCell.swift */; };
		A8120D0C1E5769C900414D87 /* ImageController.swift in Sources */ = {isa = PBXBuildFile; fileRef = A8120D0B1E5769C900414D87 /* ImageController.swift */; };
/* End PBXBuildFile section */

/* Begin PBXFileReference section */
		A8120CE61E5756FF00414D87 /* MovieSearch.app */ = {isa = PBXFileReference; explicitFileType = wrapper.application; includeInIndex = 0; path = MovieSearch.app; sourceTree = BUILT_PRODUCTS_DIR; };
		A8120CE91E5756FF00414D87 /* AppDelegate.swift */ = {isa = PBXFileReference; lastKnownFileType = sourcecode.swift; name = AppDelegate.swift; path = MovieSearch/AppDelegate.swift; sourceTree = "<group>"; };
		A8120CEE1E5756FF00414D87 /* Base */ = {isa = PBXFileReference; lastKnownFileType = file.storyboard; name = Base; path = Base.lproj/Main.storyboard; sourceTree = "<group>"; };
		A8120CF01E5756FF00414D87 /* Assets.xcassets */ = {isa = PBXFileReference; lastKnownFileType = folder.assetcatalog; name = Assets.xcassets; path = MovieSearch/Assets.xcassets; sourceTree = "<group>"; };
		A8120CF31E5756FF00414D87 /* Base */ = {isa = PBXFileReference; lastKnownFileType = file.storyboard; name = Base; path = Base.lproj/LaunchScreen.storyboard; sourceTree = "<group>"; };
		A8120CF51E5756FF00414D87 /* Info.plist */ = {isa = PBXFileReference; lastKnownFileType = text.plist.xml; name = Info.plist; path = MovieSearch/Info.plist; sourceTree = "<group>"; };
		A8120CFD1E57575B00414D87 /* Moive.swift */ = {isa = PBXFileReference; fileEncoding = 4; lastKnownFileType = sourcecode.swift; path = Moive.swift; sourceTree = "<group>"; };
		A8120CFF1E57576500414D87 /* MovieController.swift */ = {isa = PBXFileReference; fileEncoding = 4; lastKnownFileType = sourcecode.swift; path = MovieController.swift; sourceTree = "<group>"; };
		A8120D011E57577100414D87 /* NetworkController.swift */ = {isa = PBXFileReference; fileEncoding = 4; lastKnownFileType = sourcecode.swift; name = NetworkController.swift; path = MovieSearch/NetworkController.swift; sourceTree = "<group>"; };
		A8120D071E575F7B00414D87 /* MovieListTableViewController.swift */ = {isa = PBXFileReference; fileEncoding = 4; lastKnownFileType = sourcecode.swift; path = MovieListTableViewController.swift; sourceTree = "<group>"; };
		A8120D091E57616600414D87 /* MoiveTableViewCell.swift */ = {isa = PBXFileReference; fileEncoding = 4; lastKnownFileType = sourcecode.swift; path = MoiveTableViewCell.swift; sourceTree = "<group>"; };
		A8120D0B1E5769C900414D87 /* ImageController.swift */ = {isa = PBXFileReference; fileEncoding = 4; lastKnownFileType = sourcecode.swift; path = ImageController.swift; sourceTree = "<group>"; };
/* End PBXFileReference section */

/* Begin PBXFrameworksBuildPhase section */
		A8120CE31E5756FF00414D87 /* Frameworks */ = {
			isa = PBXFrameworksBuildPhase;
			buildActionMask = 2147483647;
			files = (
			);
			runOnlyForDeploymentPostprocessing = 0;
		};
/* End PBXFrameworksBuildPhase section */

/* Begin PBXGroup section */
		A8120CDD1E5756FF00414D87 = {
			isa = PBXGroup;
			children = (
				A8120CED1E5756FF00414D87 /* Main.storyboard */,
				A8120CE81E5756FF00414D87 /* MovieSearch */,
				A8120CFB1E57570900414D87 /* Resourse */,
				A8120CFC1E57571200414D87 /* HelperFiles */,
				A8120CE71E5756FF00414D87 /* Products */,
			);
			sourceTree = "<group>";
		};
		A8120CE71E5756FF00414D87 /* Products */ = {
			isa = PBXGroup;
			children = (
				A8120CE61E5756FF00414D87 /* MovieSearch.app */,
			);
			name = Products;
			sourceTree = "<group>";
		};
		A8120CE81E5756FF00414D87 /* MovieSearch */ = {
			isa = PBXGroup;
			children = (
				A8120CFD1E57575B00414D87 /* Moive.swift */,
				A8120CFF1E57576500414D87 /* MovieController.swift */,
				A8120D071E575F7B00414D87 /* MovieListTableViewController.swift */,
				A8120D091E57616600414D87 /* MoiveTableViewCell.swift */,
			);
			path = MovieSearch;
			sourceTree = "<group>";
		};
		A8120CFB1E57570900414D87 /* Resourse */ = {
			isa = PBXGroup;
			children = (
				A8120CF51E5756FF00414D87 /* Info.plist */,
				A8120CF21E5756FF00414D87 /* LaunchScreen.storyboard */,
				A8120CF01E5756FF00414D87 /* Assets.xcassets */,
				A8120CE91E5756FF00414D87 /* AppDelegate.swift */,
			);
			name = Resourse;
			sourceTree = "<group>";
		};
		A8120CFC1E57571200414D87 /* HelperFiles */ = {
			isa = PBXGroup;
			children = (
				A8120D011E57577100414D87 /* NetworkController.swift */,
				A8120D0B1E5769C900414D87 /* ImageController.swift */,
			);
			name = HelperFiles;
			sourceTree = "<group>";
		};
/* End PBXGroup section */

/* Begin PBXNativeTarget section */
		A8120CE51E5756FF00414D87 /* MovieSearch */ = {
			isa = PBXNativeTarget;
			buildConfigurationList = A8120CF81E5756FF00414D87 /* Build configuration list for PBXNativeTarget "MovieSearch" */;
			buildPhases = (
				A8120CE21E5756FF00414D87 /* Sources */,
				A8120CE31E5756FF00414D87 /* Frameworks */,
				A8120CE41E5756FF00414D87 /* Resources */,
			);
			buildRules = (
			);
			dependencies = (
			);
			name = MovieSearch;
			productName = MovieSearch;
			productReference = A8120CE61E5756FF00414D87 /* MovieSearch.app */;
			productType = "com.apple.product-type.application";
		};
/* End PBXNativeTarget section */

/* Begin PBXProject section */
		A8120CDE1E5756FF00414D87 /* Project object */ = {
			isa = PBXProject;
			attributes = {
				LastSwiftUpdateCheck = 0820;
				LastUpgradeCheck = 0820;
				ORGANIZATIONNAME = "DANIEL CORNWELL";
				TargetAttributes = {
					A8120CE51E5756FF00414D87 = {
						CreatedOnToolsVersion = 8.2.1;
						DevelopmentTeam = 5R23R3N98U;
						ProvisioningStyle = Automatic;
					};
				};
			};
			buildConfigurationList = A8120CE11E5756FF00414D87 /* Build configuration list for PBXProject "MovieSearch" */;
			compatibilityVersion = "Xcode 3.2";
			developmentRegion = English;
			hasScannedForEncodings = 0;
			knownRegions = (
				en,
				Base,
			);
			mainGroup = A8120CDD1E5756FF00414D87;
			productRefGroup = A8120CE71E5756FF00414D87 /* Products */;
			projectDirPath = "";
			projectRoot = "";
			targets = (
				A8120CE51E5756FF00414D87 /* MovieSearch */,
			);
		};
/* End PBXProject section */

/* Begin PBXResourcesBuildPhase section */
		A8120CE41E5756FF00414D87 /* Resources */ = {
			isa = PBXResourcesBuildPhase;
			buildActionMask = 2147483647;
			files = (
				A8120CF41E5756FF00414D87 /* LaunchScreen.storyboard in Resources */,
				A8120CF11E5756FF00414D87 /* Assets.xcassets in Resources */,
				A8120CEF1E5756FF00414D87 /* Main.storyboard in Resources */,
			);
			runOnlyForDeploymentPostprocessing = 0;
		};
/* End PBXResourcesBuildPhase section */

/* Begin PBXSourcesBuildPhase section */
		A8120CE21E5756FF00414D87 /* Sources */ = {
			isa = PBXSourcesBuildPhase;
			buildActionMask = 2147483647;
			files = (
				A8120D0C1E5769C900414D87 /* ImageController.swift in Sources */,
				A8120D021E57577100414D87 /* NetworkController.swift in Sources */,
				A8120D001E57576500414D87 /* MovieController.swift in Sources */,
				A8120D0A1E57616600414D87 /* MoiveTableViewCell.swift in Sources */,
				A8120CFE1E57575B00414D87 /* Moive.swift in Sources */,
				A8120CEA1E5756FF00414D87 /* AppDelegate.swift in Sources */,
				A8120D081E575F7B00414D87 /* MovieListTableViewController.swift in Sources */,
			);
			runOnlyForDeploymentPostprocessing = 0;
		};
/* End PBXSourcesBuildPhase section */

/* Begin PBXVariantGroup section */
		A8120CED1E5756FF00414D87 /* Main.storyboard */ = {
			isa = PBXVariantGroup;
			children = (
				A8120CEE1E5756FF00414D87 /* Base */,
			);
			name = Main.storyboard;
			path = MovieSearch;
			sourceTree = "<group>";
		};
		A8120CF21E5756FF00414D87 /* LaunchScreen.storyboard */ = {
			isa = PBXVariantGroup;
			children = (
				A8120CF31E5756FF00414D87 /* Base */,
			);
			name = LaunchScreen.storyboard;
			path = MovieSearch;
			sourceTree = "<group>";
		};
/* End PBXVariantGroup section */

/* Begin XCBuildConfiguration section */
		A8120CF61E5756FF00414D87 /* Debug */ = {
			isa = XCBuildConfiguration;
			buildSettings = {
				ALWAYS_SEARCH_USER_PATHS = NO;
				CLANG_ANALYZER_NONNULL = YES;
				CLANG_CXX_LANGUAGE_STANDARD = "gnu++0x";
				CLANG_CXX_LIBRARY = "libc++";
				CLANG_ENABLE_MODULES = YES;
				CLANG_ENABLE_OBJC_ARC = YES;
				CLANG_WARN_BOOL_CONVERSION = YES;
				CLANG_WARN_CONSTANT_CONVERSION = YES;
				CLANG_WARN_DIRECT_OBJC_ISA_USAGE = YES_ERROR;
				CLANG_WARN_DOCUMENTATION_COMMENTS = YES;
				CLANG_WARN_EMPTY_BODY = YES;
				CLANG_WARN_ENUM_CONVERSION = YES;
				CLANG_WARN_INFINITE_RECURSION = YES;
				CLANG_WARN_INT_CONVERSION = YES;
				CLANG_WARN_OBJC_ROOT_CLASS = YES_ERROR;
				CLANG_WARN_SUSPICIOUS_MOVE = YES;
				CLANG_WARN_UNREACHABLE_CODE = YES;
				CLANG_WARN__DUPLICATE_METHOD_MATCH = YES;
				"CODE_SIGN_IDENTITY[sdk=iphoneos*]" = "iPhone Developer";
				COPY_PHASE_STRIP = NO;
				DEBUG_INFORMATION_FORMAT = dwarf;
				ENABLE_STRICT_OBJC_MSGSEND = YES;
				ENABLE_TESTABILITY = YES;
				GCC_C_LANGUAGE_STANDARD = gnu99;
				GCC_DYNAMIC_NO_PIC = NO;
				GCC_NO_COMMON_BLOCKS = YES;
				GCC_OPTIMIZATION_LEVEL = 0;
				GCC_PREPROCESSOR_DEFINITIONS = (
					"DEBUG=1",
					"$(inherited)",
				);
				GCC_WARN_64_TO_32_BIT_CONVERSION = YES;
				GCC_WARN_ABOUT_RETURN_TYPE = YES_ERROR;
				GCC_WARN_UNDECLARED_SELECTOR = YES;
				GCC_WARN_UNINITIALIZED_AUTOS = YES_AGGRESSIVE;
				GCC_WARN_UNUSED_FUNCTION = YES;
				GCC_WARN_UNUSED_VARIABLE = YES;
				IPHONEOS_DEPLOYMENT_TARGET = 10.2;
				MTL_ENABLE_DEBUG_INFO = YES;
				ONLY_ACTIVE_ARCH = YES;
				SDKROOT = iphoneos;
				SWIFT_ACTIVE_COMPILATION_CONDITIONS = DEBUG;
				SWIFT_OPTIMIZATION_LEVEL = "-Onone";
				TARGETED_DEVICE_FAMILY = "1,2";
			};
			name = Debug;
		};
		A8120CF71E5756FF00414D87 /* Release */ = {
			isa = XCBuildConfiguration;
			buildSettings = {
				ALWAYS_SEARCH_USER_PATHS = NO;
				CLANG_ANALYZER_NONNULL = YES;
				CLANG_CXX_LANGUAGE_STANDARD = "gnu++0x";
				CLANG_CXX_LIBRARY = "libc++";
				CLANG_ENABLE_MODULES = YES;
				CLANG_ENABLE_OBJC_ARC = YES;
				CLANG_WARN_BOOL_CONVERSION = YES;
				CLANG_WARN_CONSTANT_CONVERSION = YES;
				CLANG_WARN_DIRECT_OBJC_ISA_USAGE = YES_ERROR;
				CLANG_WARN_DOCUMENTATION_COMMENTS = YES;
				CLANG_WARN_EMPTY_BODY = YES;
				CLANG_WARN_ENUM_CONVERSION = YES;
				CLANG_WARN_INFINITE_RECURSION = YES;
				CLANG_WARN_INT_CONVERSION = YES;
				CLANG_WARN_OBJC_ROOT_CLASS = YES_ERROR;
				CLANG_WARN_SUSPICIOUS_MOVE = YES;
				CLANG_WARN_UNREACHABLE_CODE = YES;
				CLANG_WARN__DUPLICATE_METHOD_MATCH = YES;
				"CODE_SIGN_IDENTITY[sdk=iphoneos*]" = "iPhone Developer";
				COPY_PHASE_STRIP = NO;
				DEBUG_INFORMATION_FORMAT = "dwarf-with-dsym";
				ENABLE_NS_ASSERTIONS = NO;
				ENABLE_STRICT_OBJC_MSGSEND = YES;
				GCC_C_LANGUAGE_STANDARD = gnu99;
				GCC_NO_COMMON_BLOCKS = YES;
				GCC_WARN_64_TO_32_BIT_CONVERSION = YES;
				GCC_WARN_ABOUT_RETURN_TYPE = YES_ERROR;
				GCC_WARN_UNDECLARED_SELECTOR = YES;
				GCC_WARN_UNINITIALIZED_AUTOS = YES_AGGRESSIVE;
				GCC_WARN_UNUSED_FUNCTION = YES;
				GCC_WARN_UNUSED_VARIABLE = YES;
				IPHONEOS_DEPLOYMENT_TARGET = 10.2;
				MTL_ENABLE_DEBUG_INFO = NO;
				SDKROOT = iphoneos;
				SWIFT_OPTIMIZATION_LEVEL = "-Owholemodule";
				TARGETED_DEVICE_FAMILY = "1,2";
				VALIDATE_PRODUCT = YES;
			};
			name = Release;
		};
		A8120CF91E5756FF00414D87 /* Debug */ = {
			isa = XCBuildConfiguration;
			buildSettings = {
				ASSETCATALOG_COMPILER_APPICON_NAME = AppIcon;
				DEVELOPMENT_TEAM = 5R23R3N98U;
				INFOPLIST_FILE = MovieSearch/Info.plist;
				LD_RUNPATH_SEARCH_PATHS = "$(inherited) @executable_path/Frameworks";
				PRODUCT_BUNDLE_IDENTIFIER = com.cornwell.MovieSearch;
				PRODUCT_NAME = "$(TARGET_NAME)";
				SWIFT_VERSION = 3.0;
			};
			name = Debug;
		};
		A8120CFA1E5756FF00414D87 /* Release */ = {
			isa = XCBuildConfiguration;
			buildSettings = {
				ASSETCATALOG_COMPILER_APPICON_NAME = AppIcon;
				DEVELOPMENT_TEAM = 5R23R3N98U;
				INFOPLIST_FILE = MovieSearch/Info.plist;
				LD_RUNPATH_SEARCH_PATHS = "$(inherited) @executable_path/Frameworks";
				PRODUCT_BUNDLE_IDENTIFIER = com.cornwell.MovieSearch;
				PRODUCT_NAME = "$(TARGET_NAME)";
				SWIFT_VERSION = 3.0;
			};
			name = Release;
		};
/* End XCBuildConfiguration section */

/* Begin XCConfigurationList section */
		A8120CE11E5756FF00414D87 /* Build configuration list for PBXProject "MovieSearch" */ = {
			isa = XCConfigurationList;
			buildConfigurations = (
				A8120CF61E5756FF00414D87 /* Debug */,
				A8120CF71E5756FF00414D87 /* Release */,
			);
			defaultConfigurationIsVisible = 0;
			defaultConfigurationName = Release;
		};
		A8120CF81E5756FF00414D87 /* Build configuration list for PBXNativeTarget "MovieSearch" */ = {
			isa = XCConfigurationList;
			buildConfigurations = (
				A8120CF91E5756FF00414D87 /* Debug */,
				A8120CFA1E5756FF00414D87 /* Release */,
			);
			defaultConfigurationIsVisible = 0;
		};
/* End XCConfigurationList section */
	};
	rootObject = A8120CDE1E5756FF00414D87 /* Project object */;
}
